
Microsoft Visual Studio Solution File, Format Version 12.00
# Visual Studio 2013
VisualStudioVersion = 12.0.40629.0
MinimumVisualStudioVersion = 10.0.40219.1
Project("{FAE04EC0-301F-11D3-BF4B-00C04F79EFBC}") = "ATP2.BDAID.Web", "ATP2.BDAID.Web\ATP2.BDAID.Web.csproj", "{94868F24-969D-4891-B97F-B8EC368C9CD3}"
EndProject
Project("{FAE04EC0-301F-11D3-BF4B-00C04F79EFBC}") = "ATP2.BDAID.Entities", "ATP2.IMS.Entities\ATP2.BDAID.Entities.csproj", "{647354C3-3FB3-43E8-953B-6CA411B5D663}"
EndProject
Project("{FAE04EC0-301F-11D3-BF4B-00C04F79EFBC}") = "ATP2.BDAID.Data", "ATP2.BDAID.Data\ATP2.BDAID.Data.csproj", "{1424A799-05D8-4D8C-BF76-ACCB458EB154}"
EndProject
Project("{FAE04EC0-301F-11D3-BF4B-00C04F79EFBC}") = "ATP2.BDAID.Model", "ATP2.BDAID.Model\ATP2.BDAID.Model.csproj", "{3ADDB600-6D54-4993-BE52-18626B94A741}"
EndProject
Project("{FAE04EC0-301F-11D3-BF4B-00C04F79EFBC}") = "ATP2.BDAID.Web.Framework", "ATP2.BDAID.Web.Framework\ATP2.BDAID.Web.Framework.csproj", "{E3E0E16E-E4B4-4753-9F94-61E3ADDFC915}"
EndProject
Project("{FAE04EC0-301F-11D3-BF4B-00C04F79EFBC}") = "ATP2.BDAID.Framework", "ATP2.BDAID.Framework\ATP2.BDAID.Framework.csproj", "{2897E9EB-63D8-452D-9E6D-870766BC7B2B}"
EndProject
Project("{FAE04EC0-301F-11D3-BF4B-00C04F79EFBC}") = "ATP2.BDAID.Services", "ATP2.BDAID.Repo\ATP2.BDAID.Services.csproj", "{79F22BCA-14E8-4A31-AE36-3B391145EF91}"
EndProject
Project("{2150E333-8FDC-42A3-9474-1A3956D46DE8}") = "App", "App", "{A04272E1-8B36-4AB8-BD4A-BFAF57D3795D}"
EndProject
Project("{2150E333-8FDC-42A3-9474-1A3956D46DE8}") = "Core", "Core", "{08B819B3-A763-4E25-B337-2C32F8076B80}"
EndProject
Project("{2150E333-8FDC-42A3-9474-1A3956D46DE8}") = "Service", "Service", "{68037902-89AC-4FEB-A8BE-BD2B29D5A0E8}"
EndProject
Project("{2150E333-8FDC-42A3-9474-1A3956D46DE8}") = "Infrastructure", "Infrastructure", "{0C7A3B73-5765-4307-A139-16E824C6F957}"
EndProject
Project("{FAE04EC0-301F-11D3-BF4B-00C04F79EFBC}") = "ATP2.BDAID.Services2.Interfaces", "ATP2.BDAID.Services2.Interfaces\ATP2.BDAID.Services2.Interfaces.csproj", "{2CEF20F9-79A7-43C6-82DE-7C7BD6A99AE4}"
EndProject
Global
	GlobalSection(SolutionConfigurationPlatforms) = preSolution
		Debug|Any CPU = Debug|Any CPU
		Release|Any CPU = Release|Any CPU
	EndGlobalSection
	GlobalSection(ProjectConfigurationPlatforms) = postSolution
		{94868F24-969D-4891-B97F-B8EC368C9CD3}.Debug|Any CPU.ActiveCfg = Debug|Any CPU
		{94868F24-969D-4891-B97F-B8EC368C9CD3}.Debug|Any CPU.Build.0 = Debug|Any CPU
		{94868F24-969D-4891-B97F-B8EC368C9CD3}.Release|Any CPU.ActiveCfg = Release|Any CPU
		{94868F24-969D-4891-B97F-B8EC368C9CD3}.Release|Any CPU.Build.0 = Release|Any CPU
		{647354C3-3FB3-43E8-953B-6CA411B5D663}.Debug|Any CPU.ActiveCfg = Debug|Any CPU
		{647354C3-3FB3-43E8-953B-6CA411B5D663}.Debug|Any CPU.Build.0 = Debug|Any CPU
		{647354C3-3FB3-43E8-953B-6CA411B5D663}.Release|Any CPU.ActiveCfg = Release|Any CPU
		{647354C3-3FB3-43E8-953B-6CA411B5D663}.Release|Any CPU.Build.0 = Release|Any CPU
		{1424A799-05D8-4D8C-BF76-ACCB458EB154}.Debug|Any CPU.ActiveCfg = Debug|Any CPU
		{1424A799-05D8-4D8C-BF76-ACCB458EB154}.Debug|Any CPU.Build.0 = Debug|Any CPU
		{1424A799-05D8-4D8C-BF76-ACCB458EB154}.Release|Any CPU.ActiveCfg = Release|Any CPU
		{1424A799-05D8-4D8C-BF76-ACCB458EB154}.Release|Any CPU.Build.0 = Release|Any CPU
		{3ADDB600-6D54-4993-BE52-18626B94A741}.Debug|Any CPU.ActiveCfg = Debug|Any CPU
		{3ADDB600-6D54-4993-BE52-18626B94A741}.Debug|Any CPU.Build.0 = Debug|Any CPU
		{3ADDB600-6D54-4993-BE52-18626B94A741}.Release|Any CPU.ActiveCfg = Release|Any CPU
		{3ADDB600-6D54-4993-BE52-18626B94A741}.Release|Any CPU.Build.0 = Release|Any CPU
		{E3E0E16E-E4B4-4753-9F94-61E3ADDFC915}.Debug|Any CPU.ActiveCfg = Debug|Any CPU
		{E3E0E16E-E4B4-4753-9F94-61E3ADDFC915}.Debug|Any CPU.Build.0 = Debug|Any CPU
		{E3E0E16E-E4B4-4753-9F94-61E3ADDFC915}.Release|Any CPU.ActiveCfg = Release|Any CPU
		{E3E0E16E-E4B4-4753-9F94-61E3ADDFC915}.Release|Any CPU.Build.0 = Release|Any CPU
		{2897E9EB-63D8-452D-9E6D-870766BC7B2B}.Debug|Any CPU.ActiveCfg = Debug|Any CPU
		{2897E9EB-63D8-452D-9E6D-870766BC7B2B}.Debug|Any CPU.Build.0 = Debug|Any CPU
		{2897E9EB-63D8-452D-9E6D-870766BC7B2B}.Release|Any CPU.ActiveCfg = Release|Any CPU
		{2897E9EB-63D8-452D-9E6D-870766BC7B2B}.Release|Any CPU.Build.0 = Release|Any CPU
		{79F22BCA-14E8-4A31-AE36-3B391145EF91}.Debug|Any CPU.ActiveCfg = Debug|Any CPU
		{79F22BCA-14E8-4A31-AE36-3B391145EF91}.Debug|Any CPU.Build.0 = Debug|Any CPU
		{79F22BCA-14E8-4A31-AE36-3B391145EF91}.Release|Any CPU.ActiveCfg = Release|Any CPU
		{79F22BCA-14E8-4A31-AE36-3B391145EF91}.Release|Any CPU.Build.0 = Release|Any CPU
		{2CEF20F9-79A7-43C6-82DE-7C7BD6A99AE4}.Debug|Any CPU.ActiveCfg = Debug|Any CPU
		{2CEF20F9-79A7-43C6-82DE-7C7BD6A99AE4}.Debug|Any CPU.Build.0 = Debug|Any CPU
		{2CEF20F9-79A7-43C6-82DE-7C7BD6A99AE4}.Release|Any CPU.ActiveCfg = Release|Any CPU
		{2CEF20F9-79A7-43C6-82DE-7C7BD6A99AE4}.Release|Any CPU.Build.0 = Release|Any CPU
	EndGlobalSection
	GlobalSection(SolutionProperties) = preSolution
		HideSolutionNode = FALSE
	EndGlobalSection
	GlobalSection(NestedProjects) = preSolution
		{94868F24-969D-4891-B97F-B8EC368C9CD3} = {A04272E1-8B36-4AB8-BD4A-BFAF57D3795D}
		{647354C3-3FB3-43E8-953B-6CA411B5D663} = {08B819B3-A763-4E25-B337-2C32F8076B80}
		{1424A799-05D8-4D8C-BF76-ACCB458EB154} = {0C7A3B73-5765-4307-A139-16E824C6F957}
		{3ADDB600-6D54-4993-BE52-18626B94A741} = {08B819B3-A763-4E25-B337-2C32F8076B80}
		{E3E0E16E-E4B4-4753-9F94-61E3ADDFC915} = {0C7A3B73-5765-4307-A139-16E824C6F957}
		{2897E9EB-63D8-452D-9E6D-870766BC7B2B} = {0C7A3B73-5765-4307-A139-16E824C6F957}
		{79F22BCA-14E8-4A31-AE36-3B391145EF91} = {68037902-89AC-4FEB-A8BE-BD2B29D5A0E8}
		{2CEF20F9-79A7-43C6-82DE-7C7BD6A99AE4} = {68037902-89AC-4FEB-A8BE-BD2B29D5A0E8}
	EndGlobalSection
EndGlobal
